<?xml version="1.0" encoding="UTF-8" standalone="yes" ?>
<CodeBlocks_project_file>
	<FileVersion major="1" minor="6" />
	<Project>
		<Option title="psa" />
		<Option pch_mode="2" />
		<Option compiler="gcc" />
		<Build>
			<Target title="Debug">
				<Option output="bin/Debug/psa" prefix_auto="1" extension_auto="1" />
				<Option object_output="obj/Debug/" />
				<Option type="1" />
				<Option compiler="gcc" />
				<Compiler>
					<Add option="-g" />
				</Compiler>
			</Target>
			<Target title="Release">
				<Option output="bin/Release/psa" prefix_auto="1" extension_auto="1" />
				<Option object_output="obj/Release/" />
				<Option type="1" />
				<Option compiler="gcc" />
				<Compiler>
					<Add option="-O2" />
				</Compiler>
				<Linker>
					<Add option="-s" />
				</Linker>
			</Target>
		</Build>
		<Compiler>
			<Add option="-Wall" />
			<Add option="-fexceptions" />
		</Compiler>
		<Unit filename="Alldata.txt" />
		<Unit filename="Banker_Algorithm.cpp" />
		<Unit filename="Banker_Algorithm.h" />
		<Unit filename="FCFS.cpp" />
		<Unit filename="FCFS.h" />
		<Unit filename="FPF.cpp" />
		<Unit filename="FPF.h" />
		<Unit filename="HRRF.cpp" />
		<Unit filename="HRRF.h" />
		<Unit filename="LLF.cpp" />
		<Unit filename="LLF.h" />
		<Unit filename="SJF.cpp" />
		<Unit filename="SJF.h" />
		<Unit filename="SRT.cpp" />
		<Unit filename="SRT.h" />
		<Unit filename="Safe_Algorithm.cpp" />
		<Unit filename="Safe_Algorithm.h" />
		<Unit filename="Show.cpp" />
		<Unit filename="Show.h" />
		<Unit filename="data.txt" />
		<Unit filename="findNextFPF.cpp" />
		<Unit filename="findNextFPF.h" />
		<Unit filename="findNextHRRF.cpp" />
		<Unit filename="findNextHRRF.h" />
		<Unit filename="findNextSJF.cpp" />
		<Unit filename="findNextSJF.h" />
		<Unit filename="findNextSRT.cpp" />
		<Unit filename="findNextSRT.h" />
		<Unit filename="global.cpp" />
		<Unit filename="global.h" />
		<Unit filename="initial_jobs.cpp" />
		<Unit filename="initial_jobs.h" />
		<Unit filename="initial_jobs_again.cpp" />
		<Unit filename="initial_jobs_again.h" />
		<Unit filename="main.cpp" />
		<Unit filename="node.h" />
		<Unit filename="printResult.cpp" />
		<Unit filename="printResult.h" />
		<Unit filename="printRunOrder.cpp" />
		<Unit filename="printRunOrder.h" />
		<Unit filename="read_Bankfile.cpp" />
		<Unit filename="read_Bankfile.h" />
		<Unit filename="read_Jobdata.cpp" />
		<Unit filename="read_Jobdata.h" />
		<Unit filename="show_BankerAlgorithm.cpp" />
		<Unit filename="show_BankerAlgorithm.h" />
		<Unit filename="test.txt" />
		<Extensions>
			<lib_finder disable_auto="1" />
		</Extensions>
	</Project>
</CodeBlocks_project_file>
